// !$*UTF8*$!
{
	archiveVersion = 1;
	classes = {
	};
	objectVersion = 56;
	objects = {

/* Begin PBXBuildFile section */
		B1513D212C47F83F0091EEEA /* ViewCryptoControllerViewModel.swift in Sources */ = {isa = PBXBuildFile; fileRef = B1513D202C47F83F0091EEEA /* ViewCryptoControllerViewModel.swift */; };
		B1513D232C480AF80091EEEA /* CoinError.swift in Sources */ = {isa = PBXBuildFile; fileRef = B1513D222C480AF80091EEEA /* CoinError.swift */; };
		B1513D252C495D4B0091EEEA /* HTTP.swift in Sources */ = {isa = PBXBuildFile; fileRef = B1513D242C495D4B0091EEEA /* HTTP.swift */; };
		B1513D272C4962F60091EEEA /* Endpoint.swift in Sources */ = {isa = PBXBuildFile; fileRef = B1513D262C4962F60091EEEA /* Endpoint.swift */; };
		B1513D292C496DBF0091EEEA /* CoinService.swift in Sources */ = {isa = PBXBuildFile; fileRef = B1513D282C496DBF0091EEEA /* CoinService.swift */; };
		B1513D2B2C49B7F40091EEEA /* HomeControllerViewModel.swift in Sources */ = {isa = PBXBuildFile; fileRef = B1513D2A2C49B7F40091EEEA /* HomeControllerViewModel.swift */; };
		B1FD37882C46967C00D3DCED /* AppDelegate.swift in Sources */ = {isa = PBXBuildFile; fileRef = B1FD37872C46967C00D3DCED /* AppDelegate.swift */; };
		B1FD378A2C46967C00D3DCED /* SceneDelegate.swift in Sources */ = {isa = PBXBuildFile; fileRef = B1FD37892C46967C00D3DCED /* SceneDelegate.swift */; };
		B1FD378C2C46967C00D3DCED /* HomeController.swift in Sources */ = {isa = PBXBuildFile; fileRef = B1FD378B2C46967C00D3DCED /* HomeController.swift */; };
		B1FD37912C46967F00D3DCED /* Assets.xcassets in Resources */ = {isa = PBXBuildFile; fileRef = B1FD37902C46967F00D3DCED /* Assets.xcassets */; };
		B1FD37A52C46984200D3DCED /* Constants.swift in Sources */ = {isa = PBXBuildFile; fileRef = B1FD37A42C46984200D3DCED /* Constants.swift */; };
		B1FD37A72C47C6B500D3DCED /* Coin.swift in Sources */ = {isa = PBXBuildFile; fileRef = B1FD37A62C47C6B500D3DCED /* Coin.swift */; };
		B1FD37A92C47CA3D00D3DCED /* CoinCell.swift in Sources */ = {isa = PBXBuildFile; fileRef = B1FD37A82C47CA3D00D3DCED /* CoinCell.swift */; };
		B1FD37AB2C47D79300D3DCED /* ViewCryptoController.swift in Sources */ = {isa = PBXBuildFile; fileRef = B1FD37AA2C47D79300D3DCED /* ViewCryptoController.swift */; };
/* End PBXBuildFile section */

/* Begin PBXFileReference section */
		B1513D202C47F83F0091EEEA /* ViewCryptoControllerViewModel.swift */ = {isa = PBXFileReference; lastKnownFileType = sourcecode.swift; path = ViewCryptoControllerViewModel.swift; sourceTree = "<group>"; };
		B1513D222C480AF80091EEEA /* CoinError.swift */ = {isa = PBXFileReference; lastKnownFileType = sourcecode.swift; path = CoinError.swift; sourceTree = "<group>"; };
		B1513D242C495D4B0091EEEA /* HTTP.swift */ = {isa = PBXFileReference; lastKnownFileType = sourcecode.swift; path = HTTP.swift; sourceTree = "<group>"; };
		B1513D262C4962F60091EEEA /* Endpoint.swift */ = {isa = PBXFileReference; lastKnownFileType = sourcecode.swift; path = Endpoint.swift; sourceTree = "<group>"; };
		B1513D282C496DBF0091EEEA /* CoinService.swift */ = {isa = PBXFileReference; lastKnownFileType = sourcecode.swift; path = CoinService.swift; sourceTree = "<group>"; };
		B1513D2A2C49B7F40091EEEA /* HomeControllerViewModel.swift */ = {isa = PBXFileReference; lastKnownFileType = sourcecode.swift; path = HomeControllerViewModel.swift; sourceTree = "<group>"; };
		B1FD37842C46967C00D3DCED /* Cryptox.app */ = {isa = PBXFileReference; explicitFileType = wrapper.application; includeInIndex = 0; path = Cryptox.app; sourceTree = BUILT_PRODUCTS_DIR; };
		B1FD37872C46967C00D3DCED /* AppDelegate.swift */ = {isa = PBXFileReference; lastKnownFileType = sourcecode.swift; path = AppDelegate.swift; sourceTree = "<group>"; };
		B1FD37892C46967C00D3DCED /* SceneDelegate.swift */ = {isa = PBXFileReference; lastKnownFileType = sourcecode.swift; path = SceneDelegate.swift; sourceTree = "<group>"; };
		B1FD378B2C46967C00D3DCED /* HomeController.swift */ = {isa = PBXFileReference; lastKnownFileType = sourcecode.swift; path = HomeController.swift; sourceTree = "<group>"; };
		B1FD37902C46967F00D3DCED /* Assets.xcassets */ = {isa = PBXFileReference; lastKnownFileType = folder.assetcatalog; path = Assets.xcassets; sourceTree = "<group>"; };
		B1FD37952C46967F00D3DCED /* Info.plist */ = {isa = PBXFileReference; lastKnownFileType = text.plist.xml; path = Info.plist; sourceTree = "<group>"; };
		B1FD37A42C46984200D3DCED /* Constants.swift */ = {isa = PBXFileReference; lastKnownFileType = sourcecode.swift; path = Constants.swift; sourceTree = "<group>"; };
		B1FD37A62C47C6B500D3DCED /* Coin.swift */ = {isa = PBXFileReference; lastKnownFileType = sourcecode.swift; path = Coin.swift; sourceTree = "<group>"; };
		B1FD37A82C47CA3D00D3DCED /* CoinCell.swift */ = {isa = PBXFileReference; lastKnownFileType = sourcecode.swift; path = CoinCell.swift; sourceTree = "<group>"; };
		B1FD37AA2C47D79300D3DCED /* ViewCryptoController.swift */ = {isa = PBXFileReference; lastKnownFileType = sourcecode.swift; path = ViewCryptoController.swift; sourceTree = "<group>"; };
/* End PBXFileReference section */

/* Begin PBXFrameworksBuildPhase section */
		B1FD37812C46967C00D3DCED /* Frameworks */ = {
			isa = PBXFrameworksBuildPhase;
			buildActionMask = 2147483647;
			files = (
			);
			runOnlyForDeploymentPostprocessing = 0;
		};
/* End PBXFrameworksBuildPhase section */

/* Begin PBXGroup section */
		B1FD377B2C46967C00D3DCED = {
			isa = PBXGroup;
			children = (
				B1FD37862C46967C00D3DCED /* Cryptox */,
				B1FD37852C46967C00D3DCED /* Products */,
			);
			sourceTree = "<group>";
		};
		B1FD37852C46967C00D3DCED /* Products */ = {
			isa = PBXGroup;
			children = (
				B1FD37842C46967C00D3DCED /* Cryptox.app */,
			);
			name = Products;
			sourceTree = "<group>";
		};
		B1FD37862C46967C00D3DCED /* Cryptox */ = {
			isa = PBXGroup;
			children = (
				B1FD37A32C46979B00D3DCED /* API */,
				B1FD37A22C46979300D3DCED /* Models */,
				B1FD37A12C46978A00D3DCED /* Views */,
				B1FD379F2C46977400D3DCED /* ViewModels */,
				B1FD379E2C46976700D3DCED /* Controllers */,
				B1FD379C2C46975100D3DCED /* Support */,
				B1FD37952C46967F00D3DCED /* Info.plist */,
			);
			path = Cryptox;
			sourceTree = "<group>";
		};
		B1FD379C2C46975100D3DCED /* Support */ = {
			isa = PBXGroup;
			children = (
				B1FD37872C46967C00D3DCED /* AppDelegate.swift */,
				B1FD37892C46967C00D3DCED /* SceneDelegate.swift */,
				B1FD37902C46967F00D3DCED /* Assets.xcassets */,
				B1FD37A42C46984200D3DCED /* Constants.swift */,
			);
			path = Support;
			sourceTree = "<group>";
		};
		B1FD379E2C46976700D3DCED /* Controllers */ = {
			isa = PBXGroup;
			children = (
				B1FD378B2C46967C00D3DCED /* HomeController.swift */,
				B1FD37AA2C47D79300D3DCED /* ViewCryptoController.swift */,
			);
			path = Controllers;
			sourceTree = "<group>";
		};
		B1FD379F2C46977400D3DCED /* ViewModels */ = {
			isa = PBXGroup;
			children = (
				B1513D202C47F83F0091EEEA /* ViewCryptoControllerViewModel.swift */,
				B1513D2A2C49B7F40091EEEA /* HomeControllerViewModel.swift */,
			);
			path = ViewModels;
			sourceTree = "<group>";
		};
		B1FD37A12C46978A00D3DCED /* Views */ = {
			isa = PBXGroup;
			children = (
				B1FD37A82C47CA3D00D3DCED /* CoinCell.swift */,
			);
			path = Views;
			sourceTree = "<group>";
		};
		B1FD37A22C46979300D3DCED /* Models */ = {
			isa = PBXGroup;
			children = (
				B1FD37A62C47C6B500D3DCED /* Coin.swift */,
				B1513D222C480AF80091EEEA /* CoinError.swift */,
			);
			path = Models;
			sourceTree = "<group>";
		};
		B1FD37A32C46979B00D3DCED /* API */ = {
			isa = PBXGroup;
			children = (
				B1513D242C495D4B0091EEEA /* HTTP.swift */,
				B1513D262C4962F60091EEEA /* Endpoint.swift */,
				B1513D282C496DBF0091EEEA /* CoinService.swift */,
			);
			path = API;
			sourceTree = "<group>";
		};
/* End PBXGroup section */

/* Begin PBXNativeTarget section */
		B1FD37832C46967C00D3DCED /* Cryptox */ = {
			isa = PBXNativeTarget;
			buildConfigurationList = B1FD37982C46967F00D3DCED /* Build configuration list for PBXNativeTarget "Cryptox" */;
			buildPhases = (
				B1FD37802C46967C00D3DCED /* Sources */,
				B1FD37812C46967C00D3DCED /* Frameworks */,
				B1FD37822C46967C00D3DCED /* Resources */,
			);
			buildRules = (
			);
			dependencies = (
			);
			name = Cryptox;
			productName = Cryptox;
			productReference = B1FD37842C46967C00D3DCED /* Cryptox.app */;
			productType = "com.apple.product-type.application";
		};
/* End PBXNativeTarget section */

/* Begin PBXProject section */
		B1FD377C2C46967C00D3DCED /* Project object */ = {
			isa = PBXProject;
			attributes = {
				BuildIndependentTargetsInParallel = 1;
				LastSwiftUpdateCheck = 1530;
				LastUpgradeCheck = 1530;
				TargetAttributes = {
					B1FD37832C46967C00D3DCED = {
						CreatedOnToolsVersion = 15.3;
					};
				};
			};
			buildConfigurationList = B1FD377F2C46967C00D3DCED /* Build configuration list for PBXProject "Cryptox" */;
			compatibilityVersion = "Xcode 14.0";
			developmentRegion = en;
			hasScannedForEncodings = 0;
			knownRegions = (
				en,
				Base,
			);
			mainGroup = B1FD377B2C46967C00D3DCED;
			productRefGroup = B1FD37852C46967C00D3DCED /* Products */;
			projectDirPath = "";
			projectRoot = "";
			targets = (
				B1FD37832C46967C00D3DCED /* Cryptox */,
			);
		};
/* End PBXProject section */

/* Begin PBXResourcesBuildPhase section */
		B1FD37822C46967C00D3DCED /* Resources */ = {
			isa = PBXResourcesBuildPhase;
			buildActionMask = 2147483647;
			files = (
				B1FD37912C46967F00D3DCED /* Assets.xcassets in Resources */,
			);
			runOnlyForDeploymentPostprocessing = 0;
		};
/* End PBXResourcesBuildPhase section */

/* Begin PBXSourcesBuildPhase section */
		B1FD37802C46967C00D3DCED /* Sources */ = {
			isa = PBXSourcesBuildPhase;
			buildActionMask = 2147483647;
			files = (
				B1FD378C2C46967C00D3DCED /* HomeController.swift in Sources */,
				B1FD37882C46967C00D3DCED /* AppDelegate.swift in Sources */,
				B1513D212C47F83F0091EEEA /* ViewCryptoControllerViewModel.swift in Sources */,
				B1FD378A2C46967C00D3DCED /* SceneDelegate.swift in Sources */,
				B1FD37AB2C47D79300D3DCED /* ViewCryptoController.swift in Sources */,
				B1513D252C495D4B0091EEEA /* HTTP.swift in Sources */,
				B1513D232C480AF80091EEEA /* CoinError.swift in Sources */,
				B1FD37A72C47C6B500D3DCED /* Coin.swift in Sources */,
				B1513D2B2C49B7F40091EEEA /* HomeControllerViewModel.swift in Sources */,
				B1FD37A92C47CA3D00D3DCED /* CoinCell.swift in Sources */,
				B1513D272C4962F60091EEEA /* Endpoint.swift in Sources */,
				B1513D292C496DBF0091EEEA /* CoinService.swift in Sources */,
				B1FD37A52C46984200D3DCED /* Constants.swift in Sources */,
			);
			runOnlyForDeploymentPostprocessing = 0;
		};
/* End PBXSourcesBuildPhase section */

/* Begin XCBuildConfiguration section */
		B1FD37962C46967F00D3DCED /* Debug */ = {
			isa = XCBuildConfiguration;
			buildSettings = {
				ALWAYS_SEARCH_USER_PATHS = NO;
				ASSETCATALOG_COMPILER_GENERATE_SWIFT_ASSET_SYMBOL_EXTENSIONS = YES;
				CLANG_ANALYZER_NONNULL = YES;
				CLANG_ANALYZER_NUMBER_OBJECT_CONVERSION = YES_AGGRESSIVE;
				CLANG_CXX_LANGUAGE_STANDARD = "gnu++20";
				CLANG_ENABLE_MODULES = YES;
				CLANG_ENABLE_OBJC_ARC = YES;
				CLANG_ENABLE_OBJC_WEAK = YES;
				CLANG_WARN_BLOCK_CAPTURE_AUTORELEASING = YES;
				CLANG_WARN_BOOL_CONVERSION = YES;
				CLANG_WARN_COMMA = YES;
				CLANG_WARN_CONSTANT_CONVERSION = YES;
				CLANG_WARN_DEPRECATED_OBJC_IMPLEMENTATIONS = YES;
				CLANG_WARN_DIRECT_OBJC_ISA_USAGE = YES_ERROR;
				CLANG_WARN_DOCUMENTATION_COMMENTS = YES;
				CLANG_WARN_EMPTY_BODY = YES;
				CLANG_WARN_ENUM_CONVERSION = YES;
				CLANG_WARN_INFINITE_RECURSION = YES;
				CLANG_WARN_INT_CONVERSION = YES;
				CLANG_WARN_NON_LITERAL_NULL_CONVERSION = YES;
				CLANG_WARN_OBJC_IMPLICIT_RETAIN_SELF = YES;
				CLANG_WARN_OBJC_LITERAL_CONVERSION = YES;
				CLANG_WARN_OBJC_ROOT_CLASS = YES_ERROR;
				CLANG_WARN_QUOTED_INCLUDE_IN_FRAMEWORK_HEADER = YES;
				CLANG_WARN_RANGE_LOOP_ANALYSIS = YES;
				CLANG_WARN_STRICT_PROTOTYPES = YES;
				CLANG_WARN_SUSPICIOUS_MOVE = YES;
				CLANG_WARN_UNGUARDED_AVAILABILITY = YES_AGGRESSIVE;
				CLANG_WARN_UNREACHABLE_CODE = YES;
				CLANG_WARN__DUPLICATE_METHOD_MATCH = YES;
				COPY_PHASE_STRIP = NO;
				DEBUG_INFORMATION_FORMAT = dwarf;
				ENABLE_STRICT_OBJC_MSGSEND = YES;
				ENABLE_TESTABILITY = YES;
				ENABLE_USER_SCRIPT_SANDBOXING = YES;
				GCC_C_LANGUAGE_STANDARD = gnu17;
				GCC_DYNAMIC_NO_PIC = NO;
				GCC_NO_COMMON_BLOCKS = YES;
				GCC_OPTIMIZATION_LEVEL = 0;
				GCC_PREPROCESSOR_DEFINITIONS = (
					"DEBUG=1",
					"$(inherited)",
				);
				GCC_WARN_64_TO_32_BIT_CONVERSION = YES;
				GCC_WARN_ABOUT_RETURN_TYPE = YES_ERROR;
				GCC_WARN_UNDECLARED_SELECTOR = YES;
				GCC_WARN_UNINITIALIZED_AUTOS = YES_AGGRESSIVE;
				GCC_WARN_UNUSED_FUNCTION = YES;
				GCC_WARN_UNUSED_VARIABLE = YES;
				IPHONEOS_DEPLOYMENT_TARGET = 17.4;
				LOCALIZATION_PREFERS_STRING_CATALOGS = YES;
				MTL_ENABLE_DEBUG_INFO = INCLUDE_SOURCE;
				MTL_FAST_MATH = YES;
				ONLY_ACTIVE_ARCH = YES;
				SDKROOT = iphoneos;
				SWIFT_ACTIVE_COMPILATION_CONDITIONS = "DEBUG $(inherited)";
				SWIFT_OPTIMIZATION_LEVEL = "-Onone";
			};
			name = Debug;
		};
		B1FD37972C46967F00D3DCED /* Release */ = {
			isa = XCBuildConfiguration;
			buildSettings = {
				ALWAYS_SEARCH_USER_PATHS = NO;
				ASSETCATALOG_COMPILER_GENERATE_SWIFT_ASSET_SYMBOL_EXTENSIONS = YES;
				CLANG_ANALYZER_NONNULL = YES;
				CLANG_ANALYZER_NUMBER_OBJECT_CONVERSION = YES_AGGRESSIVE;
				CLANG_CXX_LANGUAGE_STANDARD = "gnu++20";
				CLANG_ENABLE_MODULES = YES;
				CLANG_ENABLE_OBJC_ARC = YES;
				CLANG_ENABLE_OBJC_WEAK = YES;
				CLANG_WARN_BLOCK_CAPTURE_AUTORELEASING = YES;
				CLANG_WARN_BOOL_CONVERSION = YES;
				CLANG_WARN_COMMA = YES;
				CLANG_WARN_CONSTANT_CONVERSION = YES;
				CLANG_WARN_DEPRECATED_OBJC_IMPLEMENTATIONS = YES;
				CLANG_WARN_DIRECT_OBJC_ISA_USAGE = YES_ERROR;
				CLANG_WARN_DOCUMENTATION_COMMENTS = YES;
				CLANG_WARN_EMPTY_BODY = YES;
				CLANG_WARN_ENUM_CONVERSION = YES;
				CLANG_WARN_INFINITE_RECURSION = YES;
				CLANG_WARN_INT_CONVERSION = YES;
				CLANG_WARN_NON_LITERAL_NULL_CONVERSION = YES;
				CLANG_WARN_OBJC_IMPLICIT_RETAIN_SELF = YES;
				CLANG_WARN_OBJC_LITERAL_CONVERSION = YES;
				CLANG_WARN_OBJC_ROOT_CLASS = YES_ERROR;
				CLANG_WARN_QUOTED_INCLUDE_IN_FRAMEWORK_HEADER = YES;
				CLANG_WARN_RANGE_LOOP_ANALYSIS = YES;
				CLANG_WARN_STRICT_PROTOTYPES = YES;
				CLANG_WARN_SUSPICIOUS_MOVE = YES;
				CLANG_WARN_UNGUARDED_AVAILABILITY = YES_AGGRESSIVE;
				CLANG_WARN_UNREACHABLE_CODE = YES;
				CLANG_WARN__DUPLICATE_METHOD_MATCH = YES;
				COPY_PHASE_STRIP = NO;
				DEBUG_INFORMATION_FORMAT = "dwarf-with-dsym";
				ENABLE_NS_ASSERTIONS = NO;
				ENABLE_STRICT_OBJC_MSGSEND = YES;
				ENABLE_USER_SCRIPT_SANDBOXING = YES;
				GCC_C_LANGUAGE_STANDARD = gnu17;
				GCC_NO_COMMON_BLOCKS = YES;
				GCC_WARN_64_TO_32_BIT_CONVERSION = YES;
				GCC_WARN_ABOUT_RETURN_TYPE = YES_ERROR;
				GCC_WARN_UNDECLARED_SELECTOR = YES;
				GCC_WARN_UNINITIALIZED_AUTOS = YES_AGGRESSIVE;
				GCC_WARN_UNUSED_FUNCTION = YES;
				GCC_WARN_UNUSED_VARIABLE = YES;
				IPHONEOS_DEPLOYMENT_TARGET = 17.4;
				LOCALIZATION_PREFERS_STRING_CATALOGS = YES;
				MTL_ENABLE_DEBUG_INFO = NO;
				MTL_FAST_MATH = YES;
				SDKROOT = iphoneos;
				SWIFT_COMPILATION_MODE = wholemodule;
				VALIDATE_PRODUCT = YES;
			};
			name = Release;
		};
		B1FD37992C46967F00D3DCED /* Debug */ = {
			isa = XCBuildConfiguration;
			buildSettings = {
				ASSETCATALOG_COMPILER_APPICON_NAME = AppIcon;
				ASSETCATALOG_COMPILER_GLOBAL_ACCENT_COLOR_NAME = AccentColor;
				CODE_SIGN_STYLE = Automatic;
				CURRENT_PROJECT_VERSION = 1;
				DEVELOPMENT_TEAM = AQTR45PN28;
				GENERATE_INFOPLIST_FILE = YES;
				INFOPLIST_FILE = Cryptox/Info.plist;
				INFOPLIST_KEY_LSApplicationCategoryType = "public.app-category.business";
				INFOPLIST_KEY_UIApplicationSupportsIndirectInputEvents = YES;
				INFOPLIST_KEY_UILaunchStoryboardName = LaunchScreen;
				INFOPLIST_KEY_UISupportedInterfaceOrientations = UIInterfaceOrientationPortrait;
				INFOPLIST_KEY_UISupportedInterfaceOrientations_iPad = "UIInterfaceOrientationPortrait UIInterfaceOrientationPortraitUpsideDown";
				LD_RUNPATH_SEARCH_PATHS = (
					"$(inherited)",
					"@executable_path/Frameworks",
				);
				MARKETING_VERSION = 1.0;
				PRODUCT_BUNDLE_IDENTIFIER = com.oguzcanbeserikli.Cryptox;
				PRODUCT_NAME = "$(TARGET_NAME)";
				SWIFT_EMIT_LOC_STRINGS = YES;
				SWIFT_VERSION = 5.0;
				TARGETED_DEVICE_FAMILY = "1,2";
			};
			name = Debug;
		};
		B1FD379A2C46967F00D3DCED /* Release */ = {
			isa = XCBuildConfiguration;
			buildSettings = {
				ASSETCATALOG_COMPILER_APPICON_NAME = AppIcon;
				ASSETCATALOG_COMPILER_GLOBAL_ACCENT_COLOR_NAME = AccentColor;
				CODE_SIGN_STYLE = Automatic;
				CURRENT_PROJECT_VERSION = 1;
				DEVELOPMENT_TEAM = AQTR45PN28;
				GENERATE_INFOPLIST_FILE = YES;
				INFOPLIST_FILE = Cryptox/Info.plist;
				INFOPLIST_KEY_LSApplicationCategoryType = "public.app-category.business";
				INFOPLIST_KEY_UIApplicationSupportsIndirectInputEvents = YES;
				INFOPLIST_KEY_UILaunchStoryboardName = LaunchScreen;
				INFOPLIST_KEY_UISupportedInterfaceOrientations = UIInterfaceOrientationPortrait;
				INFOPLIST_KEY_UISupportedInterfaceOrientations_iPad = "UIInterfaceOrientationPortrait UIInterfaceOrientationPortraitUpsideDown";
				LD_RUNPATH_SEARCH_PATHS = (
					"$(inherited)",
					"@executable_path/Frameworks",
				);
				MARKETING_VERSION = 1.0;
				PRODUCT_BUNDLE_IDENTIFIER = com.oguzcanbeserikli.Cryptox;
				PRODUCT_NAME = "$(TARGET_NAME)";
				SWIFT_EMIT_LOC_STRINGS = YES;
				SWIFT_VERSION = 5.0;
				TARGETED_DEVICE_FAMILY = "1,2";
			};
			name = Release;
		};
/* End XCBuildConfiguration section */

/* Begin XCConfigurationList section */
		B1FD377F2C46967C00D3DCED /* Build configuration list for PBXProject "Cryptox" */ = {
			isa = XCConfigurationList;
			buildConfigurations = (
				B1FD37962C46967F00D3DCED /* Debug */,
				B1FD37972C46967F00D3DCED /* Release */,
			);
			defaultConfigurationIsVisible = 0;
			defaultConfigurationName = Release;
		};
		B1FD37982C46967F00D3DCED /* Build configuration list for PBXNativeTarget "Cryptox" */ = {
			isa = XCConfigurationList;
			buildConfigurations = (
				B1FD37992C46967F00D3DCED /* Debug */,
				B1FD379A2C46967F00D3DCED /* Release */,
			);
			defaultConfigurationIsVisible = 0;
			defaultConfigurationName = Release;
		};
/* End XCConfigurationList section */
	};
	rootObject = B1FD377C2C46967C00D3DCED /* Project object */;
}
